
Microsoft Visual Studio Solution File, Format Version 12.00
# Visual Studio Version 17
VisualStudioVersion = 17.9.34714.143
MinimumVisualStudioVersion = 10.0.40219.1
Project("{FAE04EC0-301F-11D3-BF4B-00C04F79EFBC}") = "PropertiesInAbstractClass", "PropertiesInAbstractClass.csproj", "{A766ABA0-60EF-4B00-B025-48F6D302269B}"
EndProject
Global
	GlobalSection(SolutionConfigurationPlatforms) = preSolution
		Debug|Any CPU = Debug|Any CPU
		Release|Any CPU = Release|Any CPU
	EndGlobalSection
	GlobalSection(ProjectConfigurationPlatforms) = postSolution
		{A766ABA0-60EF-4B00-B025-48F6D302269B}.Debug|Any CPU.ActiveCfg = Debug|Any CPU
		{A766ABA0-60EF-4B00-B025-48F6D302269B}.Debug|Any CPU.Build.0 = Debug|Any CPU
		{A766ABA0-60EF-4B00-B025-48F6D302269B}.Release|Any CPU.ActiveCfg = Release|Any CPU
		{A766ABA0-60EF-4B00-B025-48F6D302269B}.Release|Any CPU.Build.0 = Release|Any CPU
	EndGlobalSection
	GlobalSection(SolutionProperties) = preSolution
		HideSolutionNode = FALSE
	EndGlobalSection
	GlobalSection(ExtensibilityGlobals) = postSolution
		SolutionGuid = {EDA5F8C3-B75D-40F2-9E75-524255D37577}
	EndGlobalSection
EndGlobal
