
Microsoft Visual Studio Solution File, Format Version 12.00
# Visual Studio Version 17
VisualStudioVersion = 17.9.34622.214
MinimumVisualStudioVersion = 10.0.40219.1
Project("{FAE04EC0-301F-11D3-BF4B-00C04F79EFBC}") = "FloatingPoint", "FloatingPoint.csproj", "{1A19522F-0C08-4D4D-A3B9-C750BF847AA3}"
EndProject
Global
	GlobalSection(SolutionConfigurationPlatforms) = preSolution
		Debug|Any CPU = Debug|Any CPU
		Release|Any CPU = Release|Any CPU
	EndGlobalSection
	GlobalSection(ProjectConfigurationPlatforms) = postSolution
		{1A19522F-0C08-4D4D-A3B9-C750BF847AA3}.Debug|Any CPU.ActiveCfg = Debug|Any CPU
		{1A19522F-0C08-4D4D-A3B9-C750BF847AA3}.Debug|Any CPU.Build.0 = Debug|Any CPU
		{1A19522F-0C08-4D4D-A3B9-C750BF847AA3}.Release|Any CPU.ActiveCfg = Release|Any CPU
		{1A19522F-0C08-4D4D-A3B9-C750BF847AA3}.Release|Any CPU.Build.0 = Release|Any CPU
	EndGlobalSection
	GlobalSection(SolutionProperties) = preSolution
		HideSolutionNode = FALSE
	EndGlobalSection
	GlobalSection(ExtensibilityGlobals) = postSolution
		SolutionGuid = {3363047F-BDD7-44E7-BA72-7847B04AC998}
	EndGlobalSection
EndGlobal
