
Microsoft Visual Studio Solution File, Format Version 12.00
# Visual Studio Version 17
VisualStudioVersion = 17.9.34622.214
MinimumVisualStudioVersion = 10.0.40219.1
Project("{FAE04EC0-301F-11D3-BF4B-00C04F79EFBC}") = "TestForm", "TestForm.csproj", "{B1813778-A569-49C7-8325-89AA04F9DEB9}"
EndProject
Global
	GlobalSection(SolutionConfigurationPlatforms) = preSolution
		Debug|Any CPU = Debug|Any CPU
		Release|Any CPU = Release|Any CPU
	EndGlobalSection
	GlobalSection(ProjectConfigurationPlatforms) = postSolution
		{B1813778-A569-49C7-8325-89AA04F9DEB9}.Debug|Any CPU.ActiveCfg = Debug|Any CPU
		{B1813778-A569-49C7-8325-89AA04F9DEB9}.Debug|Any CPU.Build.0 = Debug|Any CPU
		{B1813778-A569-49C7-8325-89AA04F9DEB9}.Release|Any CPU.ActiveCfg = Release|Any CPU
		{B1813778-A569-49C7-8325-89AA04F9DEB9}.Release|Any CPU.Build.0 = Release|Any CPU
	EndGlobalSection
	GlobalSection(SolutionProperties) = preSolution
		HideSolutionNode = FALSE
	EndGlobalSection
	GlobalSection(ExtensibilityGlobals) = postSolution
		SolutionGuid = {C3311F1B-7488-4A83-900D-64228078CFF6}
	EndGlobalSection
EndGlobal
