
Microsoft Visual Studio Solution File, Format Version 12.00
# Visual Studio Version 17
VisualStudioVersion = 17.9.34714.143
MinimumVisualStudioVersion = 10.0.40219.1
Project("{FAE04EC0-301F-11D3-BF4B-00C04F79EFBC}") = "ForEach", "ForEach.csproj", "{714EB374-5FCE-4B0B-B5C7-002F5F951CFF}"
EndProject
Global
	GlobalSection(SolutionConfigurationPlatforms) = preSolution
		Debug|Any CPU = Debug|Any CPU
		Release|Any CPU = Release|Any CPU
	EndGlobalSection
	GlobalSection(ProjectConfigurationPlatforms) = postSolution
		{714EB374-5FCE-4B0B-B5C7-002F5F951CFF}.Debug|Any CPU.ActiveCfg = Debug|Any CPU
		{714EB374-5FCE-4B0B-B5C7-002F5F951CFF}.Debug|Any CPU.Build.0 = Debug|Any CPU
		{714EB374-5FCE-4B0B-B5C7-002F5F951CFF}.Release|Any CPU.ActiveCfg = Release|Any CPU
		{714EB374-5FCE-4B0B-B5C7-002F5F951CFF}.Release|Any CPU.Build.0 = Release|Any CPU
	EndGlobalSection
	GlobalSection(SolutionProperties) = preSolution
		HideSolutionNode = FALSE
	EndGlobalSection
	GlobalSection(ExtensibilityGlobals) = postSolution
		SolutionGuid = {A00336EF-1933-4EFB-A1A5-0034DF1B0E9A}
	EndGlobalSection
EndGlobal
