
Microsoft Visual Studio Solution File, Format Version 12.00
# Visual Studio Version 17
VisualStudioVersion = 17.9.34714.143
MinimumVisualStudioVersion = 10.0.40219.1
Project("{FAE04EC0-301F-11D3-BF4B-00C04F79EFBC}") = "PropertiesInInterface", "PropertiesInInterface.csproj", "{DE65F149-E3EF-43DB-A361-AE61D437352B}"
EndProject
Global
	GlobalSection(SolutionConfigurationPlatforms) = preSolution
		Debug|Any CPU = Debug|Any CPU
		Release|Any CPU = Release|Any CPU
	EndGlobalSection
	GlobalSection(ProjectConfigurationPlatforms) = postSolution
		{DE65F149-E3EF-43DB-A361-AE61D437352B}.Debug|Any CPU.ActiveCfg = Debug|Any CPU
		{DE65F149-E3EF-43DB-A361-AE61D437352B}.Debug|Any CPU.Build.0 = Debug|Any CPU
		{DE65F149-E3EF-43DB-A361-AE61D437352B}.Release|Any CPU.ActiveCfg = Release|Any CPU
		{DE65F149-E3EF-43DB-A361-AE61D437352B}.Release|Any CPU.Build.0 = Release|Any CPU
	EndGlobalSection
	GlobalSection(SolutionProperties) = preSolution
		HideSolutionNode = FALSE
	EndGlobalSection
	GlobalSection(ExtensibilityGlobals) = postSolution
		SolutionGuid = {ECA78EE3-4DFE-477C-8731-F6633F7A037A}
	EndGlobalSection
EndGlobal
