
Microsoft Visual Studio Solution File, Format Version 12.00
# Visual Studio Version 17
VisualStudioVersion = 17.9.34714.143
MinimumVisualStudioVersion = 10.0.40219.1
Project("{FAE04EC0-301F-11D3-BF4B-00C04F79EFBC}") = "BasicClass", "BasicClass.csproj", "{DC7AA80F-A6FB-424E-AFD4-01E62211DE0F}"
EndProject
Global
	GlobalSection(SolutionConfigurationPlatforms) = preSolution
		Debug|Any CPU = Debug|Any CPU
		Release|Any CPU = Release|Any CPU
	EndGlobalSection
	GlobalSection(ProjectConfigurationPlatforms) = postSolution
		{DC7AA80F-A6FB-424E-AFD4-01E62211DE0F}.Debug|Any CPU.ActiveCfg = Debug|Any CPU
		{DC7AA80F-A6FB-424E-AFD4-01E62211DE0F}.Debug|Any CPU.Build.0 = Debug|Any CPU
		{DC7AA80F-A6FB-424E-AFD4-01E62211DE0F}.Release|Any CPU.ActiveCfg = Release|Any CPU
		{DC7AA80F-A6FB-424E-AFD4-01E62211DE0F}.Release|Any CPU.Build.0 = Release|Any CPU
	EndGlobalSection
	GlobalSection(SolutionProperties) = preSolution
		HideSolutionNode = FALSE
	EndGlobalSection
	GlobalSection(ExtensibilityGlobals) = postSolution
		SolutionGuid = {CE3D10B6-6EB7-41C0-8794-4C0EFE63C06E}
	EndGlobalSection
EndGlobal
