
Microsoft Visual Studio Solution File, Format Version 12.00
# Visual Studio Version 17
VisualStudioVersion = 17.9.34714.143
MinimumVisualStudioVersion = 10.0.40219.1
Project("{FAE04EC0-301F-11D3-BF4B-00C04F79EFBC}") = "AutoImplementedProperty", "AutoImplementedProperty.csproj", "{576BBF0F-F0C7-4296-8486-0E9E864BD894}"
EndProject
Global
	GlobalSection(SolutionConfigurationPlatforms) = preSolution
		Debug|Any CPU = Debug|Any CPU
		Release|Any CPU = Release|Any CPU
	EndGlobalSection
	GlobalSection(ProjectConfigurationPlatforms) = postSolution
		{576BBF0F-F0C7-4296-8486-0E9E864BD894}.Debug|Any CPU.ActiveCfg = Debug|Any CPU
		{576BBF0F-F0C7-4296-8486-0E9E864BD894}.Debug|Any CPU.Build.0 = Debug|Any CPU
		{576BBF0F-F0C7-4296-8486-0E9E864BD894}.Release|Any CPU.ActiveCfg = Release|Any CPU
		{576BBF0F-F0C7-4296-8486-0E9E864BD894}.Release|Any CPU.Build.0 = Release|Any CPU
	EndGlobalSection
	GlobalSection(SolutionProperties) = preSolution
		HideSolutionNode = FALSE
	EndGlobalSection
	GlobalSection(ExtensibilityGlobals) = postSolution
		SolutionGuid = {5526D4DB-7F7C-4D07-B7F7-4164A0B1053B}
	EndGlobalSection
EndGlobal
