
Microsoft Visual Studio Solution File, Format Version 12.00
# Visual Studio Version 17
VisualStudioVersion = 17.9.34714.143
MinimumVisualStudioVersion = 10.0.40219.1
Project("{FAE04EC0-301F-11D3-BF4B-00C04F79EFBC}") = "ConstructorWithProperty", "ConstructorWithProperty.csproj", "{047D9C5B-12D8-458B-B70B-5968DA9614DA}"
EndProject
Global
	GlobalSection(SolutionConfigurationPlatforms) = preSolution
		Debug|Any CPU = Debug|Any CPU
		Release|Any CPU = Release|Any CPU
	EndGlobalSection
	GlobalSection(ProjectConfigurationPlatforms) = postSolution
		{047D9C5B-12D8-458B-B70B-5968DA9614DA}.Debug|Any CPU.ActiveCfg = Debug|Any CPU
		{047D9C5B-12D8-458B-B70B-5968DA9614DA}.Debug|Any CPU.Build.0 = Debug|Any CPU
		{047D9C5B-12D8-458B-B70B-5968DA9614DA}.Release|Any CPU.ActiveCfg = Release|Any CPU
		{047D9C5B-12D8-458B-B70B-5968DA9614DA}.Release|Any CPU.Build.0 = Release|Any CPU
	EndGlobalSection
	GlobalSection(SolutionProperties) = preSolution
		HideSolutionNode = FALSE
	EndGlobalSection
	GlobalSection(ExtensibilityGlobals) = postSolution
		SolutionGuid = {AB443114-EB33-4C92-AB90-0B13F1381478}
	EndGlobalSection
EndGlobal
