
Microsoft Visual Studio Solution File, Format Version 12.00
# Visual Studio Version 17
VisualStudioVersion = 17.9.34714.143
MinimumVisualStudioVersion = 10.0.40219.1
Project("{FAE04EC0-301F-11D3-BF4B-00C04F79EFBC}") = "UsingOut", "UsingOut.csproj", "{FD81939B-CFCF-4E2A-9F69-D06A971193DF}"
EndProject
Global
	GlobalSection(SolutionConfigurationPlatforms) = preSolution
		Debug|Any CPU = Debug|Any CPU
		Release|Any CPU = Release|Any CPU
	EndGlobalSection
	GlobalSection(ProjectConfigurationPlatforms) = postSolution
		{FD81939B-CFCF-4E2A-9F69-D06A971193DF}.Debug|Any CPU.ActiveCfg = Debug|Any CPU
		{FD81939B-CFCF-4E2A-9F69-D06A971193DF}.Debug|Any CPU.Build.0 = Debug|Any CPU
		{FD81939B-CFCF-4E2A-9F69-D06A971193DF}.Release|Any CPU.ActiveCfg = Release|Any CPU
		{FD81939B-CFCF-4E2A-9F69-D06A971193DF}.Release|Any CPU.Build.0 = Release|Any CPU
	EndGlobalSection
	GlobalSection(SolutionProperties) = preSolution
		HideSolutionNode = FALSE
	EndGlobalSection
	GlobalSection(ExtensibilityGlobals) = postSolution
		SolutionGuid = {B593ED49-6A5D-4883-8B21-4AEC4423ECA9}
	EndGlobalSection
EndGlobal
