
Microsoft Visual Studio Solution File, Format Version 12.00
# Visual Studio Version 17
VisualStudioVersion = 17.9.34714.143
MinimumVisualStudioVersion = 10.0.40219.1
Project("{FAE04EC0-301F-11D3-BF4B-00C04F79EFBC}") = "TypeCasting", "TypeCasting.csproj", "{7091E7E9-29E6-4AF6-8E89-65A81E85984C}"
EndProject
Global
	GlobalSection(SolutionConfigurationPlatforms) = preSolution
		Debug|Any CPU = Debug|Any CPU
		Release|Any CPU = Release|Any CPU
	EndGlobalSection
	GlobalSection(ProjectConfigurationPlatforms) = postSolution
		{7091E7E9-29E6-4AF6-8E89-65A81E85984C}.Debug|Any CPU.ActiveCfg = Debug|Any CPU
		{7091E7E9-29E6-4AF6-8E89-65A81E85984C}.Debug|Any CPU.Build.0 = Debug|Any CPU
		{7091E7E9-29E6-4AF6-8E89-65A81E85984C}.Release|Any CPU.ActiveCfg = Release|Any CPU
		{7091E7E9-29E6-4AF6-8E89-65A81E85984C}.Release|Any CPU.Build.0 = Release|Any CPU
	EndGlobalSection
	GlobalSection(SolutionProperties) = preSolution
		HideSolutionNode = FALSE
	EndGlobalSection
	GlobalSection(ExtensibilityGlobals) = postSolution
		SolutionGuid = {0E7F9D0F-E42E-4E4A-BCF1-2F2CC377EE82}
	EndGlobalSection
EndGlobal
