
Microsoft Visual Studio Solution File, Format Version 12.00
# Visual Studio Version 17
VisualStudioVersion = 17.9.34714.143
MinimumVisualStudioVersion = 10.0.40219.1
Project("{FAE04EC0-301F-11D3-BF4B-00C04F79EFBC}") = "MoreOnArray", "MoreOnArray.csproj", "{300F8F5E-2F6C-458E-AE78-CC9676A526E9}"
EndProject
Global
	GlobalSection(SolutionConfigurationPlatforms) = preSolution
		Debug|Any CPU = Debug|Any CPU
		Release|Any CPU = Release|Any CPU
	EndGlobalSection
	GlobalSection(ProjectConfigurationPlatforms) = postSolution
		{300F8F5E-2F6C-458E-AE78-CC9676A526E9}.Debug|Any CPU.ActiveCfg = Debug|Any CPU
		{300F8F5E-2F6C-458E-AE78-CC9676A526E9}.Debug|Any CPU.Build.0 = Debug|Any CPU
		{300F8F5E-2F6C-458E-AE78-CC9676A526E9}.Release|Any CPU.ActiveCfg = Release|Any CPU
		{300F8F5E-2F6C-458E-AE78-CC9676A526E9}.Release|Any CPU.Build.0 = Release|Any CPU
	EndGlobalSection
	GlobalSection(SolutionProperties) = preSolution
		HideSolutionNode = FALSE
	EndGlobalSection
	GlobalSection(ExtensibilityGlobals) = postSolution
		SolutionGuid = {5ECAE0C6-A643-41AC-AB6E-AD107AB3C01C}
	EndGlobalSection
EndGlobal
